
Microsoft Visual Studio Solution File, Format Version 12.00
# Visual Studio Version 16
VisualStudioVersion = 16.0.30611.23
MinimumVisualStudioVersion = 10.0.40219.1
Project("{FAE04EC0-301F-11D3-BF4B-00C04F79EFBC}") = "Test_Interface_1", "Test_Interface_1\Test_Interface_1.csproj", "{5B50DDE0-6FAB-4C1D-84E3-27AFEA151EF2}"
EndProject
Global
	GlobalSection(SolutionConfigurationPlatforms) = preSolution
		Debug|Any CPU = Debug|Any CPU
		Release|Any CPU = Release|Any CPU
	EndGlobalSection
	GlobalSection(ProjectConfigurationPlatforms) = postSolution
		{5B50DDE0-6FAB-4C1D-84E3-27AFEA151EF2}.Debug|Any CPU.ActiveCfg = Debug|Any CPU
		{5B50DDE0-6FAB-4C1D-84E3-27AFEA151EF2}.Debug|Any CPU.Build.0 = Debug|Any CPU
		{5B50DDE0-6FAB-4C1D-84E3-27AFEA151EF2}.Release|Any CPU.ActiveCfg = Release|Any CPU
		{5B50DDE0-6FAB-4C1D-84E3-27AFEA151EF2}.Release|Any CPU.Build.0 = Release|Any CPU
	EndGlobalSection
	GlobalSection(SolutionProperties) = preSolution
		HideSolutionNode = FALSE
	EndGlobalSection
	GlobalSection(ExtensibilityGlobals) = postSolution
		SolutionGuid = {A5265DAF-AD70-4EDF-BCFC-2D9034DA7C9C}
	EndGlobalSection
EndGlobal
